// !$*UTF8*$!
{
	archiveVersion = 1;
	classes = {
	};
	objectVersion = 46;
	objects = {

/* Begin PBXBuildFile section */
		42A112931B8EB1D000503D9F /* AppDelegate.swift in Sources */ = {isa = PBXBuildFile; fileRef = 42A112921B8EB1D000503D9F /* AppDelegate.swift */; };
		42A1129A1B8EB1D000503D9F /* Images.xcassets in Resources */ = {isa = PBXBuildFile; fileRef = 42A112991B8EB1D000503D9F /* Images.xcassets */; };
		42A1129D1B8EB1D000503D9F /* LaunchScreen.xib in Resources */ = {isa = PBXBuildFile; fileRef = 42A1129B1B8EB1D000503D9F /* LaunchScreen.xib */; };
		42A112A91B8EB1D100503D9F /* ballpointTests.swift in Sources */ = {isa = PBXBuildFile; fileRef = 42A112A81B8EB1D100503D9F /* ballpointTests.swift */; };
		42A112B91B8EB4D800503D9F /* DrawingViewController.swift in Sources */ = {isa = PBXBuildFile; fileRef = 42A112B81B8EB4D800503D9F /* DrawingViewController.swift */; };
		42A112BD1B8EB4E700503D9F /* DrawingView.swift in Sources */ = {isa = PBXBuildFile; fileRef = 42A112BA1B8EB4E700503D9F /* DrawingView.swift */; };
		42A112BE1B8EB4E700503D9F /* PainterView.swift in Sources */ = {isa = PBXBuildFile; fileRef = 42A112BB1B8EB4E700503D9F /* PainterView.swift */; };
		42A112BF1B8EB4E700503D9F /* PendingCanvasView.swift in Sources */ = {isa = PBXBuildFile; fileRef = 42A112BC1B8EB4E700503D9F /* PendingCanvasView.swift */; };
		42A112C31B8EB50A00503D9F /* Brush.swift in Sources */ = {isa = PBXBuildFile; fileRef = 42A112C01B8EB50A00503D9F /* Brush.swift */; };
		42A112C41B8EB50A00503D9F /* CanvasPhotographer.swift in Sources */ = {isa = PBXBuildFile; fileRef = 42A112C11B8EB50A00503D9F /* CanvasPhotographer.swift */; };
		42A112C51B8EB50A00503D9F /* Stroke.swift in Sources */ = {isa = PBXBuildFile; fileRef = 42A112C21B8EB50A00503D9F /* Stroke.swift */; };
		42A112C81B8EB54600503D9F /* CircularBrush.swift in Sources */ = {isa = PBXBuildFile; fileRef = 42A112C71B8EB54600503D9F /* CircularBrush.swift */; };
		42A112CA1B8EB66300503D9F /* Constants.swift in Sources */ = {isa = PBXBuildFile; fileRef = 42A112C91B8EB66300503D9F /* Constants.swift */; };
		42A112CD1B8EB73900503D9F /* UIColor+ballpoint.swift in Sources */ = {isa = PBXBuildFile; fileRef = 42A112CC1B8EB73900503D9F /* UIColor+ballpoint.swift */; };
/* End PBXBuildFile section */

/* Begin PBXContainerItemProxy section */
		42A112A31B8EB1D100503D9F /* PBXContainerItemProxy */ = {
			isa = PBXContainerItemProxy;
			containerPortal = 42A112851B8EB1D000503D9F /* Project object */;
			proxyType = 1;
			remoteGlobalIDString = 42A1128C1B8EB1D000503D9F;
			remoteInfo = ballpoint;
		};
/* End PBXContainerItemProxy section */

/* Begin PBXFileReference section */
		42A1128D1B8EB1D000503D9F /* ballpoint.app */ = {isa = PBXFileReference; explicitFileType = wrapper.application; includeInIndex = 0; path = ballpoint.app; sourceTree = BUILT_PRODUCTS_DIR; };
		42A112911B8EB1D000503D9F /* Info.plist */ = {isa = PBXFileReference; lastKnownFileType = text.plist.xml; path = Info.plist; sourceTree = "<group>"; };
		42A112921B8EB1D000503D9F /* AppDelegate.swift */ = {isa = PBXFileReference; lastKnownFileType = sourcecode.swift; path = AppDelegate.swift; sourceTree = "<group>"; };
		42A112991B8EB1D000503D9F /* Images.xcassets */ = {isa = PBXFileReference; lastKnownFileType = folder.assetcatalog; path = Images.xcassets; sourceTree = "<group>"; };
		42A1129C1B8EB1D000503D9F /* Base */ = {isa = PBXFileReference; lastKnownFileType = file.xib; name = Base; path = Base.lproj/LaunchScreen.xib; sourceTree = "<group>"; };
		42A112A21B8EB1D100503D9F /* ballpointTests.xctest */ = {isa = PBXFileReference; explicitFileType = wrapper.cfbundle; includeInIndex = 0; path = ballpointTests.xctest; sourceTree = BUILT_PRODUCTS_DIR; };
		42A112A71B8EB1D100503D9F /* Info.plist */ = {isa = PBXFileReference; lastKnownFileType = text.plist.xml; path = Info.plist; sourceTree = "<group>"; };
		42A112A81B8EB1D100503D9F /* ballpointTests.swift */ = {isa = PBXFileReference; lastKnownFileType = sourcecode.swift; path = ballpointTests.swift; sourceTree = "<group>"; };
		42A112B81B8EB4D800503D9F /* DrawingViewController.swift */ = {isa = PBXFileReference; fileEncoding = 4; lastKnownFileType = sourcecode.swift; name = DrawingViewController.swift; path = viewcontroller/DrawingViewController.swift; sourceTree = "<group>"; };
		42A112BA1B8EB4E700503D9F /* DrawingView.swift */ = {isa = PBXFileReference; fileEncoding = 4; lastKnownFileType = sourcecode.swift; name = DrawingView.swift; path = view/DrawingView.swift; sourceTree = "<group>"; };
		42A112BB1B8EB4E700503D9F /* PainterView.swift */ = {isa = PBXFileReference; fileEncoding = 4; lastKnownFileType = sourcecode.swift; name = PainterView.swift; path = view/PainterView.swift; sourceTree = "<group>"; };
		42A112BC1B8EB4E700503D9F /* PendingCanvasView.swift */ = {isa = PBXFileReference; fileEncoding = 4; lastKnownFileType = sourcecode.swift; name = PendingCanvasView.swift; path = view/PendingCanvasView.swift; sourceTree = "<group>"; };
		42A112C01B8EB50A00503D9F /* Brush.swift */ = {isa = PBXFileReference; fileEncoding = 4; lastKnownFileType = sourcecode.swift; name = Brush.swift; path = renderer/Brush.swift; sourceTree = "<group>"; };
		42A112C11B8EB50A00503D9F /* CanvasPhotographer.swift */ = {isa = PBXFileReference; fileEncoding = 4; lastKnownFileType = sourcecode.swift; name = CanvasPhotographer.swift; path = renderer/CanvasPhotographer.swift; sourceTree = "<group>"; };
		42A112C21B8EB50A00503D9F /* Stroke.swift */ = {isa = PBXFileReference; fileEncoding = 4; lastKnownFileType = sourcecode.swift; name = Stroke.swift; path = renderer/Stroke.swift; sourceTree = "<group>"; };
		42A112C71B8EB54600503D9F /* CircularBrush.swift */ = {isa = PBXFileReference; fileEncoding = 4; lastKnownFileType = sourcecode.swift; name = CircularBrush.swift; path = renderer/brushes/CircularBrush.swift; sourceTree = "<group>"; };
		42A112C91B8EB66300503D9F /* Constants.swift */ = {isa = PBXFileReference; fileEncoding = 4; lastKnownFileType = sourcecode.swift; path = Constants.swift; sourceTree = "<group>"; };
		42A112CC1B8EB73900503D9F /* UIColor+ballpoint.swift */ = {isa = PBXFileReference; fileEncoding = 4; lastKnownFileType = sourcecode.swift; path = "UIColor+ballpoint.swift"; sourceTree = "<group>"; };
/* End PBXFileReference section */

/* Begin PBXFrameworksBuildPhase section */
		42A1128A1B8EB1D000503D9F /* Frameworks */ = {
			isa = PBXFrameworksBuildPhase;
			buildActionMask = 2147483647;
			files = (
			);
			runOnlyForDeploymentPostprocessing = 0;
		};
		42A1129F1B8EB1D100503D9F /* Frameworks */ = {
			isa = PBXFrameworksBuildPhase;
			buildActionMask = 2147483647;
			files = (
			);
			runOnlyForDeploymentPostprocessing = 0;
		};
/* End PBXFrameworksBuildPhase section */

/* Begin PBXGroup section */
		42A112841B8EB1D000503D9F = {
			isa = PBXGroup;
			children = (
				42A1128F1B8EB1D000503D9F /* ballpoint */,
				42A112A51B8EB1D100503D9F /* ballpointTests */,
				42A1128E1B8EB1D000503D9F /* Products */,
			);
			sourceTree = "<group>";
		};
		42A1128E1B8EB1D000503D9F /* Products */ = {
			isa = PBXGroup;
			children = (
				42A1128D1B8EB1D000503D9F /* ballpoint.app */,
				42A112A21B8EB1D100503D9F /* ballpointTests.xctest */,
			);
			name = Products;
			sourceTree = "<group>";
		};
		42A1128F1B8EB1D000503D9F /* ballpoint */ = {
			isa = PBXGroup;
			children = (
				42A112921B8EB1D000503D9F /* AppDelegate.swift */,
				42A112C91B8EB66300503D9F /* Constants.swift */,
				42A112CB1B8EB6FB00503D9F /* extensions */,
				42A112B61B8EB44700503D9F /* renderer */,
				42A112B21B8EB28600503D9F /* view */,
				42A112B71B8EB46300503D9F /* viewcontroller */,
				42A112991B8EB1D000503D9F /* Images.xcassets */,
				42A1129B1B8EB1D000503D9F /* LaunchScreen.xib */,
				42A112901B8EB1D000503D9F /* Supporting Files */,
			);
			path = ballpoint;
			sourceTree = "<group>";
		};
		42A112901B8EB1D000503D9F /* Supporting Files */ = {
			isa = PBXGroup;
			children = (
				42A112911B8EB1D000503D9F /* Info.plist */,
			);
			name = "Supporting Files";
			sourceTree = "<group>";
		};
		42A112A51B8EB1D100503D9F /* ballpointTests */ = {
			isa = PBXGroup;
			children = (
				42A112A81B8EB1D100503D9F /* ballpointTests.swift */,
				42A112A61B8EB1D100503D9F /* Supporting Files */,
			);
			path = ballpointTests;
			sourceTree = "<group>";
		};
		42A112A61B8EB1D100503D9F /* Supporting Files */ = {
			isa = PBXGroup;
			children = (
				42A112A71B8EB1D100503D9F /* Info.plist */,
			);
			name = "Supporting Files";
			sourceTree = "<group>";
		};
		42A112B21B8EB28600503D9F /* view */ = {
			isa = PBXGroup;
			children = (
				42A112BA1B8EB4E700503D9F /* DrawingView.swift */,
				42A112BB1B8EB4E700503D9F /* PainterView.swift */,
				42A112BC1B8EB4E700503D9F /* PendingCanvasView.swift */,
			);
			name = view;
			sourceTree = "<group>";
		};
		42A112B61B8EB44700503D9F /* renderer */ = {
			isa = PBXGroup;
			children = (
				42A112C11B8EB50A00503D9F /* CanvasPhotographer.swift */,
				42A112C21B8EB50A00503D9F /* Stroke.swift */,
				42A112C01B8EB50A00503D9F /* Brush.swift */,
				42A112C61B8EB52E00503D9F /* brushes */,
			);
			name = renderer;
			sourceTree = "<group>";
		};
		42A112B71B8EB46300503D9F /* viewcontroller */ = {
			isa = PBXGroup;
			children = (
				42A112B81B8EB4D800503D9F /* DrawingViewController.swift */,
			);
			name = viewcontroller;
			sourceTree = "<group>";
		};
		42A112C61B8EB52E00503D9F /* brushes */ = {
			isa = PBXGroup;
			children = (
				42A112C71B8EB54600503D9F /* CircularBrush.swift */,
			);
			name = brushes;
			sourceTree = "<group>";
		};
		42A112CB1B8EB6FB00503D9F /* extensions */ = {
			isa = PBXGroup;
			children = (
				42A112CC1B8EB73900503D9F /* UIColor+ballpoint.swift */,
			);
			name = extensions;
			sourceTree = "<group>";
		};
/* End PBXGroup section */

/* Begin PBXNativeTarget section */
		42A1128C1B8EB1D000503D9F /* ballpoint */ = {
			isa = PBXNativeTarget;
			buildConfigurationList = 42A112AC1B8EB1D100503D9F /* Build configuration list for PBXNativeTarget "ballpoint" */;
			buildPhases = (
				42A112891B8EB1D000503D9F /* Sources */,
				42A1128A1B8EB1D000503D9F /* Frameworks */,
				42A1128B1B8EB1D000503D9F /* Resources */,
			);
			buildRules = (
			);
			dependencies = (
			);
			name = ballpoint;
			productName = ballpoint;
			productReference = 42A1128D1B8EB1D000503D9F /* ballpoint.app */;
			productType = "com.apple.product-type.application";
		};
		42A112A11B8EB1D100503D9F /* ballpointTests */ = {
			isa = PBXNativeTarget;
			buildConfigurationList = 42A112AF1B8EB1D100503D9F /* Build configuration list for PBXNativeTarget "ballpointTests" */;
			buildPhases = (
				42A1129E1B8EB1D100503D9F /* Sources */,
				42A1129F1B8EB1D100503D9F /* Frameworks */,
				42A112A01B8EB1D100503D9F /* Resources */,
			);
			buildRules = (
			);
			dependencies = (
				42A112A41B8EB1D100503D9F /* PBXTargetDependency */,
			);
			name = ballpointTests;
			productName = ballpointTests;
			productReference = 42A112A21B8EB1D100503D9F /* ballpointTests.xctest */;
			productType = "com.apple.product-type.bundle.unit-test";
		};
/* End PBXNativeTarget section */

/* Begin PBXProject section */
		42A112851B8EB1D000503D9F /* Project object */ = {
			isa = PBXProject;
			attributes = {
				LastUpgradeCheck = 0640;
				ORGANIZATIONNAME = "Tyler Heck";
				TargetAttributes = {
					42A1128C1B8EB1D000503D9F = {
						CreatedOnToolsVersion = 6.4;
						DevelopmentTeam = 26C3LVHQ43;
					};
					42A112A11B8EB1D100503D9F = {
						CreatedOnToolsVersion = 6.4;
						TestTargetID = 42A1128C1B8EB1D000503D9F;
					};
				};
			};
			buildConfigurationList = 42A112881B8EB1D000503D9F /* Build configuration list for PBXProject "ballpoint" */;
			compatibilityVersion = "Xcode 3.2";
			developmentRegion = English;
			hasScannedForEncodings = 0;
			knownRegions = (
				en,
				Base,
			);
			mainGroup = 42A112841B8EB1D000503D9F;
			productRefGroup = 42A1128E1B8EB1D000503D9F /* Products */;
			projectDirPath = "";
			projectRoot = "";
			targets = (
				42A1128C1B8EB1D000503D9F /* ballpoint */,
				42A112A11B8EB1D100503D9F /* ballpointTests */,
			);
		};
/* End PBXProject section */

/* Begin PBXResourcesBuildPhase section */
		42A1128B1B8EB1D000503D9F /* Resources */ = {
			isa = PBXResourcesBuildPhase;
			buildActionMask = 2147483647;
			files = (
				42A1129D1B8EB1D000503D9F /* LaunchScreen.xib in Resources */,
				42A1129A1B8EB1D000503D9F /* Images.xcassets in Resources */,
			);
			runOnlyForDeploymentPostprocessing = 0;
		};
		42A112A01B8EB1D100503D9F /* Resources */ = {
			isa = PBXResourcesBuildPhase;
			buildActionMask = 2147483647;
			files = (
			);
			runOnlyForDeploymentPostprocessing = 0;
		};
/* End PBXResourcesBuildPhase section */

/* Begin PBXSourcesBuildPhase section */
		42A112891B8EB1D000503D9F /* Sources */ = {
			isa = PBXSourcesBuildPhase;
			buildActionMask = 2147483647;
			files = (
				42A112C31B8EB50A00503D9F /* Brush.swift in Sources */,
				42A112C41B8EB50A00503D9F /* CanvasPhotographer.swift in Sources */,
				42A112BF1B8EB4E700503D9F /* PendingCanvasView.swift in Sources */,
				42A112BD1B8EB4E700503D9F /* DrawingView.swift in Sources */,
				42A112931B8EB1D000503D9F /* AppDelegate.swift in Sources */,
				42A112CA1B8EB66300503D9F /* Constants.swift in Sources */,
				42A112BE1B8EB4E700503D9F /* PainterView.swift in Sources */,
				42A112CD1B8EB73900503D9F /* UIColor+ballpoint.swift in Sources */,
				42A112B91B8EB4D800503D9F /* DrawingViewController.swift in Sources */,
				42A112C81B8EB54600503D9F /* CircularBrush.swift in Sources */,
				42A112C51B8EB50A00503D9F /* Stroke.swift in Sources */,
			);
			runOnlyForDeploymentPostprocessing = 0;
		};
		42A1129E1B8EB1D100503D9F /* Sources */ = {
			isa = PBXSourcesBuildPhase;
			buildActionMask = 2147483647;
			files = (
				42A112A91B8EB1D100503D9F /* ballpointTests.swift in Sources */,
			);
			runOnlyForDeploymentPostprocessing = 0;
		};
/* End PBXSourcesBuildPhase section */

/* Begin PBXTargetDependency section */
		42A112A41B8EB1D100503D9F /* PBXTargetDependency */ = {
			isa = PBXTargetDependency;
			target = 42A1128C1B8EB1D000503D9F /* ballpoint */;
			targetProxy = 42A112A31B8EB1D100503D9F /* PBXContainerItemProxy */;
		};
/* End PBXTargetDependency section */

/* Begin PBXVariantGroup section */
		42A1129B1B8EB1D000503D9F /* LaunchScreen.xib */ = {
			isa = PBXVariantGroup;
			children = (
				42A1129C1B8EB1D000503D9F /* Base */,
			);
			name = LaunchScreen.xib;
			sourceTree = "<group>";
		};
/* End PBXVariantGroup section */

/* Begin XCBuildConfiguration section */
		42A112AA1B8EB1D100503D9F /* Debug */ = {
			isa = XCBuildConfiguration;
			buildSettings = {
				ALWAYS_SEARCH_USER_PATHS = NO;
				CLANG_CXX_LANGUAGE_STANDARD = "gnu++0x";
				CLANG_CXX_LIBRARY = "libc++";
				CLANG_ENABLE_MODULES = YES;
				CLANG_ENABLE_OBJC_ARC = YES;
				CLANG_WARN_BOOL_CONVERSION = YES;
				CLANG_WARN_CONSTANT_CONVERSION = YES;
				CLANG_WARN_DIRECT_OBJC_ISA_USAGE = YES_ERROR;
				CLANG_WARN_EMPTY_BODY = YES;
				CLANG_WARN_ENUM_CONVERSION = YES;
				CLANG_WARN_INT_CONVERSION = YES;
				CLANG_WARN_OBJC_ROOT_CLASS = YES_ERROR;
				CLANG_WARN_UNREACHABLE_CODE = YES;
				CLANG_WARN__DUPLICATE_METHOD_MATCH = YES;
				"CODE_SIGN_IDENTITY[sdk=iphoneos*]" = "iPhone Developer";
				COPY_PHASE_STRIP = NO;
				DEBUG_INFORMATION_FORMAT = "dwarf-with-dsym";
				ENABLE_STRICT_OBJC_MSGSEND = YES;
				GCC_C_LANGUAGE_STANDARD = gnu99;
				GCC_DYNAMIC_NO_PIC = NO;
				GCC_NO_COMMON_BLOCKS = YES;
				GCC_OPTIMIZATION_LEVEL = 0;
				GCC_PREPROCESSOR_DEFINITIONS = (
					"DEBUG=1",
					"$(inherited)",
				);
				GCC_SYMBOLS_PRIVATE_EXTERN = NO;
				GCC_WARN_64_TO_32_BIT_CONVERSION = YES;
				GCC_WARN_ABOUT_RETURN_TYPE = YES_ERROR;
				GCC_WARN_UNDECLARED_SELECTOR = YES;
				GCC_WARN_UNINITIALIZED_AUTOS = YES_AGGRESSIVE;
				GCC_WARN_UNUSED_FUNCTION = YES;
				GCC_WARN_UNUSED_VARIABLE = YES;
				IPHONEOS_DEPLOYMENT_TARGET = 8.4;
				MTL_ENABLE_DEBUG_INFO = YES;
				ONLY_ACTIVE_ARCH = YES;
				SDKROOT = iphoneos;
				SWIFT_OPTIMIZATION_LEVEL = "-Onone";
				TARGETED_DEVICE_FAMILY = "1,2";
			};
			name = Debug;
		};
		42A112AB1B8EB1D100503D9F /* Release */ = {
			isa = XCBuildConfiguration;
			buildSettings = {
				ALWAYS_SEARCH_USER_PATHS = NO;
				CLANG_CXX_LANGUAGE_STANDARD = "gnu++0x";
				CLANG_CXX_LIBRARY = "libc++";
				CLANG_ENABLE_MODULES = YES;
				CLANG_ENABLE_OBJC_ARC = YES;
				CLANG_WARN_BOOL_CONVERSION = YES;
				CLANG_WARN_CONSTANT_CONVERSION = YES;
				CLANG_WARN_DIRECT_OBJC_ISA_USAGE = YES_ERROR;
				CLANG_WARN_EMPTY_BODY = YES;
				CLANG_WARN_ENUM_CONVERSION = YES;
				CLANG_WARN_INT_CONVERSION = YES;
				CLANG_WARN_OBJC_ROOT_CLASS = YES_ERROR;
				CLANG_WARN_UNREACHABLE_CODE = YES;
				CLANG_WARN__DUPLICATE_METHOD_MATCH = YES;
				"CODE_SIGN_IDENTITY[sdk=iphoneos*]" = "iPhone Developer";
				COPY_PHASE_STRIP = NO;
				DEBUG_INFORMATION_FORMAT = "dwarf-with-dsym";
				ENABLE_NS_ASSERTIONS = NO;
				ENABLE_STRICT_OBJC_MSGSEND = YES;
				GCC_C_LANGUAGE_STANDARD = gnu99;
				GCC_NO_COMMON_BLOCKS = YES;
				GCC_WARN_64_TO_32_BIT_CONVERSION = YES;
				GCC_WARN_ABOUT_RETURN_TYPE = YES_ERROR;
				GCC_WARN_UNDECLARED_SELECTOR = YES;
				GCC_WARN_UNINITIALIZED_AUTOS = YES_AGGRESSIVE;
				GCC_WARN_UNUSED_FUNCTION = YES;
				GCC_WARN_UNUSED_VARIABLE = YES;
				IPHONEOS_DEPLOYMENT_TARGET = 8.4;
				MTL_ENABLE_DEBUG_INFO = NO;
				SDKROOT = iphoneos;
				TARGETED_DEVICE_FAMILY = "1,2";
				VALIDATE_PRODUCT = YES;
			};
			name = Release;
		};
		42A112AD1B8EB1D100503D9F /* Debug */ = {
			isa = XCBuildConfiguration;
			buildSettings = {
				ASSETCATALOG_COMPILER_APPICON_NAME = AppIcon;
				CODE_SIGN_IDENTITY = "iPhone Developer";
				INFOPLIST_FILE = ballpoint/Info.plist;
				LD_RUNPATH_SEARCH_PATHS = "$(inherited) @executable_path/Frameworks";
				PRODUCT_NAME = "$(TARGET_NAME)";
			};
			name = Debug;
		};
		42A112AE1B8EB1D100503D9F /* Release */ = {
			isa = XCBuildConfiguration;
			buildSettings = {
				ASSETCATALOG_COMPILER_APPICON_NAME = AppIcon;
				CODE_SIGN_IDENTITY = "iPhone Developer";
				INFOPLIST_FILE = ballpoint/Info.plist;
				LD_RUNPATH_SEARCH_PATHS = "$(inherited) @executable_path/Frameworks";
				PRODUCT_NAME = "$(TARGET_NAME)";
			};
			name = Release;
		};
		42A112B01B8EB1D100503D9F /* Debug */ = {
			isa = XCBuildConfiguration;
			buildSettings = {
				BUNDLE_LOADER = "$(TEST_HOST)";
				FRAMEWORK_SEARCH_PATHS = (
					"$(SDKROOT)/Developer/Library/Frameworks",
					"$(inherited)",
				);
				GCC_PREPROCESSOR_DEFINITIONS = (
					"DEBUG=1",
					"$(inherited)",
				);
				INFOPLIST_FILE = ballpointTests/Info.plist;
				LD_RUNPATH_SEARCH_PATHS = "$(inherited) @executable_path/Frameworks @loader_path/Frameworks";
				PRODUCT_NAME = "$(TARGET_NAME)";
				TEST_HOST = "$(BUILT_PRODUCTS_DIR)/ballpoint.app/ballpoint";
			};
			name = Debug;
		};
		42A112B11B8EB1D100503D9F /* Release */ = {
			isa = XCBuildConfiguration;
			buildSettings = {
				BUNDLE_LOADER = "$(TEST_HOST)";
				FRAMEWORK_SEARCH_PATHS = (
					"$(SDKROOT)/Developer/Library/Frameworks",
					"$(inherited)",
				);
				INFOPLIST_FILE = ballpointTests/Info.plist;
				LD_RUNPATH_SEARCH_PATHS = "$(inherited) @executable_path/Frameworks @loader_path/Frameworks";
				PRODUCT_NAME = "$(TARGET_NAME)";
				TEST_HOST = "$(BUILT_PRODUCTS_DIR)/ballpoint.app/ballpoint";
			};
			name = Release;
		};
/* End XCBuildConfiguration section */

/* Begin XCConfigurationList section */
		42A112881B8EB1D000503D9F /* Build configuration list for PBXProject "ballpoint" */ = {
			isa = XCConfigurationList;
			buildConfigurations = (
				42A112AA1B8EB1D100503D9F /* Debug */,
				42A112AB1B8EB1D100503D9F /* Release */,
			);
			defaultConfigurationIsVisible = 0;
			defaultConfigurationName = Release;
		};
		42A112AC1B8EB1D100503D9F /* Build configuration list for PBXNativeTarget "ballpoint" */ = {
			isa = XCConfigurationList;
			buildConfigurations = (
				42A112AD1B8EB1D100503D9F /* Debug */,
				42A112AE1B8EB1D100503D9F /* Release */,
			);
			defaultConfigurationIsVisible = 0;
		};
		42A112AF1B8EB1D100503D9F /* Build configuration list for PBXNativeTarget "ballpointTests" */ = {
			isa = XCConfigurationList;
			buildConfigurations = (
				42A112B01B8EB1D100503D9F /* Debug */,
				42A112B11B8EB1D100503D9F /* Release */,
			);
			defaultConfigurationIsVisible = 0;
		};
/* End XCConfigurationList section */
	};
	rootObject = 42A112851B8EB1D000503D9F /* Project object */;
}
