// !$*UTF8*$!
{
	archiveVersion = 1;
	classes = {
	};
	objectVersion = 46;
	objects = {

/* Begin PBXBuildFile section */
		421273641C012EB70007FA48 /* PointPopulationStage.swift in Sources */ = {isa = PBXBuildFile; fileRef = 421273631C012EB70007FA48 /* PointPopulationStage.swift */; };
		4233EA261BE5442E0017B76D /* PointUtil.swift in Sources */ = {isa = PBXBuildFile; fileRef = 4233EA251BE5442E0017B76D /* PointUtil.swift */; };
		4233EA281BE546DF0017B76D /* PointUtilTestCase.swift in Sources */ = {isa = PBXBuildFile; fileRef = 4233EA271BE546DF0017B76D /* PointUtilTestCase.swift */; };
		4244B9F51BD43F3400FE5BEB /* CGPoint+ballpoint.swift in Sources */ = {isa = PBXBuildFile; fileRef = 4244B9F41BD43F3400FE5BEB /* CGPoint+ballpoint.swift */; };
		426539F71B93CD14001345CB /* DrawingModel.swift in Sources */ = {isa = PBXBuildFile; fileRef = 426539F61B93CD14001345CB /* DrawingModel.swift */; };
		426539FD1B93D78E001345CB /* DrawingRenderer.swift in Sources */ = {isa = PBXBuildFile; fileRef = 426539FC1B93D78E001345CB /* DrawingRenderer.swift */; };
		426992541BDD3CA900584CC8 /* LineSegmentTestCase.swift in Sources */ = {isa = PBXBuildFile; fileRef = 426992531BDD3CA900584CC8 /* LineSegmentTestCase.swift */; };
		4270F90C1BB0F95C00940AAE /* DrawingInteractionDelegate.swift in Sources */ = {isa = PBXBuildFile; fileRef = 4270F90B1BB0F95C00940AAE /* DrawingInteractionDelegate.swift */; };
		4270F90E1BB0F98000940AAE /* StrokeRenderer.swift in Sources */ = {isa = PBXBuildFile; fileRef = 4270F90D1BB0F98000940AAE /* StrokeRenderer.swift */; };
		427304021BD5855A0087BEC4 /* RoughlyEquatable.swift in Sources */ = {isa = PBXBuildFile; fileRef = 427304011BD5855A0087BEC4 /* RoughlyEquatable.swift */; };
		427DBC501BB7268A00122848 /* UIView+ballpoint.swift in Sources */ = {isa = PBXBuildFile; fileRef = 427DBC4F1BB7268A00122848 /* UIView+ballpoint.swift */; };
		42822CBD1BD438210028208A /* CGFloat+ballpoint.swift in Sources */ = {isa = PBXBuildFile; fileRef = 42822CBC1BD438210028208A /* CGFloat+ballpoint.swift */; };
		428811991BEFE04C007B9844 /* RenderPipeline.swift in Sources */ = {isa = PBXBuildFile; fileRef = 428811981BEFE04C007B9844 /* RenderPipeline.swift */; };
		4288226D1BDE45F400A0CDE8 /* operators.swift in Sources */ = {isa = PBXBuildFile; fileRef = 4288226C1BDE45F400A0CDE8 /* operators.swift */; };
		42937B5B1C39A1D4006F63EA /* StrokePoint.swift in Sources */ = {isa = PBXBuildFile; fileRef = 42937B5A1C39A1D4006F63EA /* StrokePoint.swift */; };
		42952C241C334B72006EE4D6 /* CubicBezierScaffoldSegment.swift in Sources */ = {isa = PBXBuildFile; fileRef = 42952C231C334B72006EE4D6 /* CubicBezierScaffoldSegment.swift */; };
		429E71541C05362200BF90D4 /* SegmentPopulationStage.swift in Sources */ = {isa = PBXBuildFile; fileRef = 429E71531C05362200BF90D4 /* SegmentPopulationStage.swift */; };
		42A112931B8EB1D000503D9F /* AppDelegate.swift in Sources */ = {isa = PBXBuildFile; fileRef = 42A112921B8EB1D000503D9F /* AppDelegate.swift */; };
		42A1129A1B8EB1D000503D9F /* Images.xcassets in Resources */ = {isa = PBXBuildFile; fileRef = 42A112991B8EB1D000503D9F /* Images.xcassets */; };
		42A1129D1B8EB1D000503D9F /* LaunchScreen.xib in Resources */ = {isa = PBXBuildFile; fileRef = 42A1129B1B8EB1D000503D9F /* LaunchScreen.xib */; };
		42A112B91B8EB4D800503D9F /* DrawingViewController.swift in Sources */ = {isa = PBXBuildFile; fileRef = 42A112B81B8EB4D800503D9F /* DrawingViewController.swift */; };
		42A112BE1B8EB4E700503D9F /* PainterView.swift in Sources */ = {isa = PBXBuildFile; fileRef = 42A112BB1B8EB4E700503D9F /* PainterView.swift */; };
		42A112C31B8EB50A00503D9F /* Brush.swift in Sources */ = {isa = PBXBuildFile; fileRef = 42A112C01B8EB50A00503D9F /* Brush.swift */; };
		42A112C51B8EB50A00503D9F /* RenderedStroke.swift in Sources */ = {isa = PBXBuildFile; fileRef = 42A112C21B8EB50A00503D9F /* RenderedStroke.swift */; };
		42A112CA1B8EB66300503D9F /* Constants.swift in Sources */ = {isa = PBXBuildFile; fileRef = 42A112C91B8EB66300503D9F /* Constants.swift */; };
		42A5A0A31C145C890022F663 /* ScaffoldSegmentFactory.swift in Sources */ = {isa = PBXBuildFile; fileRef = 42A5A0A21C145C890022F663 /* ScaffoldSegmentFactory.swift */; };
		42A5A0A51C1461B30022F663 /* EndcapPopulationStage.swift in Sources */ = {isa = PBXBuildFile; fileRef = 42A5A0A41C1461B30022F663 /* EndcapPopulationStage.swift */; };
		42A5A0A71C1463500022F663 /* PipelineBrush.swift in Sources */ = {isa = PBXBuildFile; fileRef = 42A5A0A61C1463500022F663 /* PipelineBrush.swift */; };
		42A6DEB71B935C0A00CC09C2 /* UIColor+ballpoint.swift in Sources */ = {isa = PBXBuildFile; fileRef = 42A6DEB61B935C0A00CC09C2 /* UIColor+ballpoint.swift */; };
		42BA874B1B9DDA9000AC842E /* StrokeRendererView.swift in Sources */ = {isa = PBXBuildFile; fileRef = 42BA874A1B9DDA9000AC842E /* StrokeRendererView.swift */; };
		42BA87511B9DEB0300AC842E /* CGVector+ballpoint.swift in Sources */ = {isa = PBXBuildFile; fileRef = 42BA87501B9DEB0300AC842E /* CGVector+ballpoint.swift */; };
		42C013031BEEB18900E9D6CA /* ScaffoldSegment.swift in Sources */ = {isa = PBXBuildFile; fileRef = 42C013021BEEB18900E9D6CA /* ScaffoldSegment.swift */; };
		42C013061BEEB2A500E9D6CA /* LinearScaffoldSegment.swift in Sources */ = {isa = PBXBuildFile; fileRef = 42C013051BEEB2A500E9D6CA /* LinearScaffoldSegment.swift */; };
		42C013081BEEB6D100E9D6CA /* RenderScaffold.swift in Sources */ = {isa = PBXBuildFile; fileRef = 42C013071BEEB6D100E9D6CA /* RenderScaffold.swift */; };
		42C49A891BEE551A00B0AA0C /* ScaffoldPoint.swift in Sources */ = {isa = PBXBuildFile; fileRef = 42C49A881BEE551A00B0AA0C /* ScaffoldPoint.swift */; };
		42C8498B1BB87A2F0054F65A /* Stroke.swift in Sources */ = {isa = PBXBuildFile; fileRef = 42C8498A1BB87A2F0054F65A /* Stroke.swift */; };
		42C8498D1BB891450054F65A /* FountainBrush.swift in Sources */ = {isa = PBXBuildFile; fileRef = 42C8498C1BB891450054F65A /* FountainBrush.swift */; };
		42C9A17F1BDD3834005C867A /* Line.swift in Sources */ = {isa = PBXBuildFile; fileRef = 42C9A17E1BDD3834005C867A /* Line.swift */; };
		42C9A1821BDD38B1005C867A /* LineTestCase.swift in Sources */ = {isa = PBXBuildFile; fileRef = 42C9A1811BDD38B1005C867A /* LineTestCase.swift */; };
		42C9A1841BDD391D005C867A /* LineSegment.swift in Sources */ = {isa = PBXBuildFile; fileRef = 42C9A1831BDD391D005C867A /* LineSegment.swift */; };
		42E0FE8E1B99120300E2A0A1 /* DrawingController.swift in Sources */ = {isa = PBXBuildFile; fileRef = 42E0FE8D1B99120300E2A0A1 /* DrawingController.swift */; };
		42E750131B9FC922003180C9 /* RendererColorPalette.swift in Sources */ = {isa = PBXBuildFile; fileRef = 42E750121B9FC922003180C9 /* RendererColorPalette.swift */; };
/* End PBXBuildFile section */

/* Begin PBXContainerItemProxy section */
		42A112A31B8EB1D100503D9F /* PBXContainerItemProxy */ = {
			isa = PBXContainerItemProxy;
			containerPortal = 42A112851B8EB1D000503D9F /* Project object */;
			proxyType = 1;
			remoteGlobalIDString = 42A1128C1B8EB1D000503D9F;
			remoteInfo = ballpoint;
		};
/* End PBXContainerItemProxy section */

/* Begin PBXFileReference section */
		421273631C012EB70007FA48 /* PointPopulationStage.swift */ = {isa = PBXFileReference; fileEncoding = 4; lastKnownFileType = sourcecode.swift; path = PointPopulationStage.swift; sourceTree = "<group>"; };
		4233EA251BE5442E0017B76D /* PointUtil.swift */ = {isa = PBXFileReference; fileEncoding = 4; lastKnownFileType = sourcecode.swift; path = PointUtil.swift; sourceTree = "<group>"; };
		4233EA271BE546DF0017B76D /* PointUtilTestCase.swift */ = {isa = PBXFileReference; fileEncoding = 4; lastKnownFileType = sourcecode.swift; path = PointUtilTestCase.swift; sourceTree = "<group>"; };
		4244B9F41BD43F3400FE5BEB /* CGPoint+ballpoint.swift */ = {isa = PBXFileReference; fileEncoding = 4; lastKnownFileType = sourcecode.swift; path = "CGPoint+ballpoint.swift"; sourceTree = "<group>"; };
		426539F61B93CD14001345CB /* DrawingModel.swift */ = {isa = PBXFileReference; fileEncoding = 4; lastKnownFileType = sourcecode.swift; path = DrawingModel.swift; sourceTree = "<group>"; };
		426539FC1B93D78E001345CB /* DrawingRenderer.swift */ = {isa = PBXFileReference; fileEncoding = 4; lastKnownFileType = sourcecode.swift; path = DrawingRenderer.swift; sourceTree = "<group>"; };
		426992531BDD3CA900584CC8 /* LineSegmentTestCase.swift */ = {isa = PBXFileReference; fileEncoding = 4; lastKnownFileType = sourcecode.swift; path = LineSegmentTestCase.swift; sourceTree = "<group>"; };
		4270F90B1BB0F95C00940AAE /* DrawingInteractionDelegate.swift */ = {isa = PBXFileReference; fileEncoding = 4; lastKnownFileType = sourcecode.swift; path = DrawingInteractionDelegate.swift; sourceTree = "<group>"; };
		4270F90D1BB0F98000940AAE /* StrokeRenderer.swift */ = {isa = PBXFileReference; fileEncoding = 4; lastKnownFileType = sourcecode.swift; path = StrokeRenderer.swift; sourceTree = "<group>"; };
		427304011BD5855A0087BEC4 /* RoughlyEquatable.swift */ = {isa = PBXFileReference; fileEncoding = 4; lastKnownFileType = sourcecode.swift; path = RoughlyEquatable.swift; sourceTree = "<group>"; };
		427DBC4F1BB7268A00122848 /* UIView+ballpoint.swift */ = {isa = PBXFileReference; fileEncoding = 4; lastKnownFileType = sourcecode.swift; path = "UIView+ballpoint.swift"; sourceTree = "<group>"; };
		42822CBC1BD438210028208A /* CGFloat+ballpoint.swift */ = {isa = PBXFileReference; fileEncoding = 4; lastKnownFileType = sourcecode.swift; path = "CGFloat+ballpoint.swift"; sourceTree = "<group>"; };
		428811981BEFE04C007B9844 /* RenderPipeline.swift */ = {isa = PBXFileReference; fileEncoding = 4; lastKnownFileType = sourcecode.swift; path = RenderPipeline.swift; sourceTree = "<group>"; };
		4288226C1BDE45F400A0CDE8 /* operators.swift */ = {isa = PBXFileReference; fileEncoding = 4; lastKnownFileType = sourcecode.swift; path = operators.swift; sourceTree = "<group>"; };
		42937B5A1C39A1D4006F63EA /* StrokePoint.swift */ = {isa = PBXFileReference; fileEncoding = 4; lastKnownFileType = sourcecode.swift; path = StrokePoint.swift; sourceTree = "<group>"; };
		42952C231C334B72006EE4D6 /* CubicBezierScaffoldSegment.swift */ = {isa = PBXFileReference; fileEncoding = 4; lastKnownFileType = sourcecode.swift; path = CubicBezierScaffoldSegment.swift; sourceTree = "<group>"; };
		429E71531C05362200BF90D4 /* SegmentPopulationStage.swift */ = {isa = PBXFileReference; fileEncoding = 4; lastKnownFileType = sourcecode.swift; path = SegmentPopulationStage.swift; sourceTree = "<group>"; };
		42A1128D1B8EB1D000503D9F /* ballpoint.app */ = {isa = PBXFileReference; explicitFileType = wrapper.application; includeInIndex = 0; path = ballpoint.app; sourceTree = BUILT_PRODUCTS_DIR; };
		42A112911B8EB1D000503D9F /* Info.plist */ = {isa = PBXFileReference; lastKnownFileType = text.plist.xml; path = Info.plist; sourceTree = "<group>"; };
		42A112921B8EB1D000503D9F /* AppDelegate.swift */ = {isa = PBXFileReference; lastKnownFileType = sourcecode.swift; path = AppDelegate.swift; sourceTree = "<group>"; };
		42A112991B8EB1D000503D9F /* Images.xcassets */ = {isa = PBXFileReference; lastKnownFileType = folder.assetcatalog; path = Images.xcassets; sourceTree = "<group>"; };
		42A1129C1B8EB1D000503D9F /* Base */ = {isa = PBXFileReference; lastKnownFileType = file.xib; name = Base; path = Base.lproj/LaunchScreen.xib; sourceTree = "<group>"; };
		42A112A21B8EB1D100503D9F /* ballpointTests.xctest */ = {isa = PBXFileReference; explicitFileType = wrapper.cfbundle; includeInIndex = 0; path = ballpointTests.xctest; sourceTree = BUILT_PRODUCTS_DIR; };
		42A112A71B8EB1D100503D9F /* Info.plist */ = {isa = PBXFileReference; lastKnownFileType = text.plist.xml; path = Info.plist; sourceTree = "<group>"; };
		42A112B81B8EB4D800503D9F /* DrawingViewController.swift */ = {isa = PBXFileReference; fileEncoding = 4; lastKnownFileType = sourcecode.swift; path = DrawingViewController.swift; sourceTree = "<group>"; };
		42A112BB1B8EB4E700503D9F /* PainterView.swift */ = {isa = PBXFileReference; fileEncoding = 4; lastKnownFileType = sourcecode.swift; path = PainterView.swift; sourceTree = "<group>"; };
		42A112C01B8EB50A00503D9F /* Brush.swift */ = {isa = PBXFileReference; fileEncoding = 4; lastKnownFileType = sourcecode.swift; path = Brush.swift; sourceTree = "<group>"; };
		42A112C21B8EB50A00503D9F /* RenderedStroke.swift */ = {isa = PBXFileReference; fileEncoding = 4; lastKnownFileType = sourcecode.swift; path = RenderedStroke.swift; sourceTree = "<group>"; };
		42A112C91B8EB66300503D9F /* Constants.swift */ = {isa = PBXFileReference; fileEncoding = 4; lastKnownFileType = sourcecode.swift; path = Constants.swift; sourceTree = "<group>"; };
		42A5A0A21C145C890022F663 /* ScaffoldSegmentFactory.swift */ = {isa = PBXFileReference; fileEncoding = 4; lastKnownFileType = sourcecode.swift; path = ScaffoldSegmentFactory.swift; sourceTree = "<group>"; };
		42A5A0A41C1461B30022F663 /* EndcapPopulationStage.swift */ = {isa = PBXFileReference; fileEncoding = 4; lastKnownFileType = sourcecode.swift; path = EndcapPopulationStage.swift; sourceTree = "<group>"; };
		42A5A0A61C1463500022F663 /* PipelineBrush.swift */ = {isa = PBXFileReference; fileEncoding = 4; lastKnownFileType = sourcecode.swift; path = PipelineBrush.swift; sourceTree = "<group>"; };
		42A6DEB61B935C0A00CC09C2 /* UIColor+ballpoint.swift */ = {isa = PBXFileReference; fileEncoding = 4; lastKnownFileType = sourcecode.swift; path = "UIColor+ballpoint.swift"; sourceTree = "<group>"; };
		42BA874A1B9DDA9000AC842E /* StrokeRendererView.swift */ = {isa = PBXFileReference; fileEncoding = 4; lastKnownFileType = sourcecode.swift; path = StrokeRendererView.swift; sourceTree = "<group>"; };
		42BA87501B9DEB0300AC842E /* CGVector+ballpoint.swift */ = {isa = PBXFileReference; fileEncoding = 4; lastKnownFileType = sourcecode.swift; path = "CGVector+ballpoint.swift"; sourceTree = "<group>"; };
		42C013021BEEB18900E9D6CA /* ScaffoldSegment.swift */ = {isa = PBXFileReference; fileEncoding = 4; lastKnownFileType = sourcecode.swift; path = ScaffoldSegment.swift; sourceTree = "<group>"; };
		42C013051BEEB2A500E9D6CA /* LinearScaffoldSegment.swift */ = {isa = PBXFileReference; fileEncoding = 4; lastKnownFileType = sourcecode.swift; path = LinearScaffoldSegment.swift; sourceTree = "<group>"; };
		42C013071BEEB6D100E9D6CA /* RenderScaffold.swift */ = {isa = PBXFileReference; fileEncoding = 4; lastKnownFileType = sourcecode.swift; path = RenderScaffold.swift; sourceTree = "<group>"; };
		42C49A881BEE551A00B0AA0C /* ScaffoldPoint.swift */ = {isa = PBXFileReference; fileEncoding = 4; lastKnownFileType = sourcecode.swift; path = ScaffoldPoint.swift; sourceTree = "<group>"; };
		42C8498A1BB87A2F0054F65A /* Stroke.swift */ = {isa = PBXFileReference; fileEncoding = 4; lastKnownFileType = sourcecode.swift; path = Stroke.swift; sourceTree = "<group>"; };
		42C8498C1BB891450054F65A /* FountainBrush.swift */ = {isa = PBXFileReference; fileEncoding = 4; lastKnownFileType = sourcecode.swift; path = FountainBrush.swift; sourceTree = "<group>"; };
		42C9A17E1BDD3834005C867A /* Line.swift */ = {isa = PBXFileReference; fileEncoding = 4; lastKnownFileType = sourcecode.swift; path = Line.swift; sourceTree = "<group>"; };
		42C9A1811BDD38B1005C867A /* LineTestCase.swift */ = {isa = PBXFileReference; fileEncoding = 4; lastKnownFileType = sourcecode.swift; path = LineTestCase.swift; sourceTree = "<group>"; };
		42C9A1831BDD391D005C867A /* LineSegment.swift */ = {isa = PBXFileReference; fileEncoding = 4; lastKnownFileType = sourcecode.swift; path = LineSegment.swift; sourceTree = "<group>"; };
		42E0FE8D1B99120300E2A0A1 /* DrawingController.swift */ = {isa = PBXFileReference; fileEncoding = 4; lastKnownFileType = sourcecode.swift; path = DrawingController.swift; sourceTree = "<group>"; };
		42E750121B9FC922003180C9 /* RendererColorPalette.swift */ = {isa = PBXFileReference; fileEncoding = 4; lastKnownFileType = sourcecode.swift; path = RendererColorPalette.swift; sourceTree = "<group>"; };
/* End PBXFileReference section */

/* Begin PBXFrameworksBuildPhase section */
		42A1128A1B8EB1D000503D9F /* Frameworks */ = {
			isa = PBXFrameworksBuildPhase;
			buildActionMask = 2147483647;
			files = (
			);
			runOnlyForDeploymentPostprocessing = 0;
		};
		42A1129F1B8EB1D100503D9F /* Frameworks */ = {
			isa = PBXFrameworksBuildPhase;
			buildActionMask = 2147483647;
			files = (
			);
			runOnlyForDeploymentPostprocessing = 0;
		};
/* End PBXFrameworksBuildPhase section */

/* Begin PBXGroup section */
		421273621C012E990007FA48 /* stages */ = {
			isa = PBXGroup;
			children = (
				42A5A0A41C1461B30022F663 /* EndcapPopulationStage.swift */,
				421273631C012EB70007FA48 /* PointPopulationStage.swift */,
				429E71531C05362200BF90D4 /* SegmentPopulationStage.swift */,
			);
			path = stages;
			sourceTree = "<group>";
		};
		426539F51B93CB9E001345CB /* model */ = {
			isa = PBXGroup;
			children = (
				426539F61B93CD14001345CB /* DrawingModel.swift */,
				42C8498A1BB87A2F0054F65A /* Stroke.swift */,
				42937B5A1C39A1D4006F63EA /* StrokePoint.swift */,
			);
			path = model;
			sourceTree = "<group>";
		};
		42822CBE1BD43AA30028208A /* geometry */ = {
			isa = PBXGroup;
			children = (
				426992531BDD3CA900584CC8 /* LineSegmentTestCase.swift */,
				42C9A1811BDD38B1005C867A /* LineTestCase.swift */,
				4233EA271BE546DF0017B76D /* PointUtilTestCase.swift */,
			);
			path = geometry;
			sourceTree = "<group>";
		};
		42A112841B8EB1D000503D9F = {
			isa = PBXGroup;
			children = (
				42A1128E1B8EB1D000503D9F /* Products */,
				42A1128F1B8EB1D000503D9F /* ballpoint */,
				42A112A51B8EB1D100503D9F /* ballpointTests */,
			);
			sourceTree = "<group>";
		};
		42A1128E1B8EB1D000503D9F /* Products */ = {
			isa = PBXGroup;
			children = (
				42A1128D1B8EB1D000503D9F /* ballpoint.app */,
				42A112A21B8EB1D100503D9F /* ballpointTests.xctest */,
			);
			name = Products;
			sourceTree = "<group>";
		};
		42A1128F1B8EB1D000503D9F /* ballpoint */ = {
			isa = PBXGroup;
			children = (
				42A112901B8EB1D000503D9F /* Supporting Files */,
				42A6DEB81B935D8E00CC09C2 /* controller */,
				42A112CB1B8EB6FB00503D9F /* extensions */,
				426539F51B93CB9E001345CB /* model */,
				42A112B61B8EB44700503D9F /* renderer */,
				42A112B21B8EB28600503D9F /* view */,
				42A112B71B8EB46300503D9F /* viewcontroller */,
				42A112921B8EB1D000503D9F /* AppDelegate.swift */,
				42A112C91B8EB66300503D9F /* Constants.swift */,
				42A112991B8EB1D000503D9F /* Images.xcassets */,
				42A1129B1B8EB1D000503D9F /* LaunchScreen.xib */,
			);
			path = ballpoint;
			sourceTree = "<group>";
		};
		42A112901B8EB1D000503D9F /* Supporting Files */ = {
			isa = PBXGroup;
			children = (
				42A112911B8EB1D000503D9F /* Info.plist */,
			);
			path = "Supporting Files";
			sourceTree = "<group>";
		};
		42A112A51B8EB1D100503D9F /* ballpointTests */ = {
			isa = PBXGroup;
			children = (
				42A112A61B8EB1D100503D9F /* Supporting Files */,
				42C9A1801BDD386B005C867A /* renderer */,
			);
			path = ballpointTests;
			sourceTree = "<group>";
		};
		42A112A61B8EB1D100503D9F /* Supporting Files */ = {
			isa = PBXGroup;
			children = (
				42A112A71B8EB1D100503D9F /* Info.plist */,
			);
			path = "Supporting Files";
			sourceTree = "<group>";
		};
		42A112B21B8EB28600503D9F /* view */ = {
			isa = PBXGroup;
			children = (
				42A112BB1B8EB4E700503D9F /* PainterView.swift */,
				42BA874A1B9DDA9000AC842E /* StrokeRendererView.swift */,
			);
			path = view;
			sourceTree = "<group>";
		};
		42A112B61B8EB44700503D9F /* renderer */ = {
			isa = PBXGroup;
			children = (
				42A112C61B8EB52E00503D9F /* brushes */,
				42C9A17D1BDD3823005C867A /* geometry */,
				42C49A851BEE536F00B0AA0C /* pipeline */,
				426539FC1B93D78E001345CB /* DrawingRenderer.swift */,
				42A112C21B8EB50A00503D9F /* RenderedStroke.swift */,
				42E750121B9FC922003180C9 /* RendererColorPalette.swift */,
				4270F90D1BB0F98000940AAE /* StrokeRenderer.swift */,
			);
			path = renderer;
			sourceTree = "<group>";
		};
		42A112B71B8EB46300503D9F /* viewcontroller */ = {
			isa = PBXGroup;
			children = (
				42A112B81B8EB4D800503D9F /* DrawingViewController.swift */,
			);
			path = viewcontroller;
			sourceTree = "<group>";
		};
		42A112C61B8EB52E00503D9F /* brushes */ = {
			isa = PBXGroup;
			children = (
				42A112C01B8EB50A00503D9F /* Brush.swift */,
				42C8498C1BB891450054F65A /* FountainBrush.swift */,
				42A5A0A61C1463500022F663 /* PipelineBrush.swift */,
			);
			path = brushes;
			sourceTree = "<group>";
		};
		42A112CB1B8EB6FB00503D9F /* extensions */ = {
			isa = PBXGroup;
			children = (
				42822CBC1BD438210028208A /* CGFloat+ballpoint.swift */,
				4244B9F41BD43F3400FE5BEB /* CGPoint+ballpoint.swift */,
				42BA87501B9DEB0300AC842E /* CGVector+ballpoint.swift */,
				427304011BD5855A0087BEC4 /* RoughlyEquatable.swift */,
				42A6DEB61B935C0A00CC09C2 /* UIColor+ballpoint.swift */,
				427DBC4F1BB7268A00122848 /* UIView+ballpoint.swift */,
				4288226C1BDE45F400A0CDE8 /* operators.swift */,
			);
			path = extensions;
			sourceTree = "<group>";
		};
		42A6DEB81B935D8E00CC09C2 /* controller */ = {
			isa = PBXGroup;
			children = (
				42E0FE8D1B99120300E2A0A1 /* DrawingController.swift */,
				4270F90B1BB0F95C00940AAE /* DrawingInteractionDelegate.swift */,
			);
			path = controller;
			sourceTree = "<group>";
		};
		42C013041BEEB23800E9D6CA /* segments */ = {
			isa = PBXGroup;
			children = (
				42952C231C334B72006EE4D6 /* CubicBezierScaffoldSegment.swift */,
				42C013051BEEB2A500E9D6CA /* LinearScaffoldSegment.swift */,
				42C013021BEEB18900E9D6CA /* ScaffoldSegment.swift */,
				42A5A0A21C145C890022F663 /* ScaffoldSegmentFactory.swift */,
			);
			path = segments;
			sourceTree = "<group>";
		};
		42C49A851BEE536F00B0AA0C /* pipeline */ = {
			isa = PBXGroup;
			children = (
				42C013041BEEB23800E9D6CA /* segments */,
				421273621C012E990007FA48 /* stages */,
				428811981BEFE04C007B9844 /* RenderPipeline.swift */,
				42C013071BEEB6D100E9D6CA /* RenderScaffold.swift */,
				42C49A881BEE551A00B0AA0C /* ScaffoldPoint.swift */,
			);
			path = pipeline;
			sourceTree = "<group>";
		};
		42C9A17D1BDD3823005C867A /* geometry */ = {
			isa = PBXGroup;
			children = (
				42C9A17E1BDD3834005C867A /* Line.swift */,
				42C9A1831BDD391D005C867A /* LineSegment.swift */,
				4233EA251BE5442E0017B76D /* PointUtil.swift */,
			);
			path = geometry;
			sourceTree = "<group>";
		};
		42C9A1801BDD386B005C867A /* renderer */ = {
			isa = PBXGroup;
			children = (
				42822CBE1BD43AA30028208A /* geometry */,
			);
			path = renderer;
			sourceTree = "<group>";
		};
/* End PBXGroup section */

/* Begin PBXNativeTarget section */
		42A1128C1B8EB1D000503D9F /* ballpoint */ = {
			isa = PBXNativeTarget;
			buildConfigurationList = 42A112AC1B8EB1D100503D9F /* Build configuration list for PBXNativeTarget "ballpoint" */;
			buildPhases = (
				42A112891B8EB1D000503D9F /* Sources */,
				42A1128A1B8EB1D000503D9F /* Frameworks */,
				42A1128B1B8EB1D000503D9F /* Resources */,
			);
			buildRules = (
			);
			dependencies = (
			);
			name = ballpoint;
			productName = ballpoint;
			productReference = 42A1128D1B8EB1D000503D9F /* ballpoint.app */;
			productType = "com.apple.product-type.application";
		};
		42A112A11B8EB1D100503D9F /* ballpointTests */ = {
			isa = PBXNativeTarget;
			buildConfigurationList = 42A112AF1B8EB1D100503D9F /* Build configuration list for PBXNativeTarget "ballpointTests" */;
			buildPhases = (
				42A1129E1B8EB1D100503D9F /* Sources */,
				42A1129F1B8EB1D100503D9F /* Frameworks */,
				42A112A01B8EB1D100503D9F /* Resources */,
			);
			buildRules = (
			);
			dependencies = (
				42A112A41B8EB1D100503D9F /* PBXTargetDependency */,
			);
			name = ballpointTests;
			productName = ballpointTests;
			productReference = 42A112A21B8EB1D100503D9F /* ballpointTests.xctest */;
			productType = "com.apple.product-type.bundle.unit-test";
		};
/* End PBXNativeTarget section */

/* Begin PBXProject section */
		42A112851B8EB1D000503D9F /* Project object */ = {
			isa = PBXProject;
			attributes = {
				LastSwiftMigration = 0700;
				LastSwiftUpdateCheck = 0710;
				LastUpgradeCheck = 0700;
				ORGANIZATIONNAME = "Tyler Heck";
				TargetAttributes = {
					42A1128C1B8EB1D000503D9F = {
						CreatedOnToolsVersion = 6.4;
						DevelopmentTeam = 26C3LVHQ43;
					};
					42A112A11B8EB1D100503D9F = {
						CreatedOnToolsVersion = 6.4;
						TestTargetID = 42A1128C1B8EB1D000503D9F;
					};
				};
			};
			buildConfigurationList = 42A112881B8EB1D000503D9F /* Build configuration list for PBXProject "ballpoint" */;
			compatibilityVersion = "Xcode 3.2";
			developmentRegion = English;
			hasScannedForEncodings = 0;
			knownRegions = (
				en,
				Base,
			);
			mainGroup = 42A112841B8EB1D000503D9F;
			productRefGroup = 42A1128E1B8EB1D000503D9F /* Products */;
			projectDirPath = "";
			projectRoot = "";
			targets = (
				42A1128C1B8EB1D000503D9F /* ballpoint */,
				42A112A11B8EB1D100503D9F /* ballpointTests */,
			);
		};
/* End PBXProject section */

/* Begin PBXResourcesBuildPhase section */
		42A1128B1B8EB1D000503D9F /* Resources */ = {
			isa = PBXResourcesBuildPhase;
			buildActionMask = 2147483647;
			files = (
				42A1129D1B8EB1D000503D9F /* LaunchScreen.xib in Resources */,
				42A1129A1B8EB1D000503D9F /* Images.xcassets in Resources */,
			);
			runOnlyForDeploymentPostprocessing = 0;
		};
		42A112A01B8EB1D100503D9F /* Resources */ = {
			isa = PBXResourcesBuildPhase;
			buildActionMask = 2147483647;
			files = (
			);
			runOnlyForDeploymentPostprocessing = 0;
		};
/* End PBXResourcesBuildPhase section */

/* Begin PBXSourcesBuildPhase section */
		42A112891B8EB1D000503D9F /* Sources */ = {
			isa = PBXSourcesBuildPhase;
			buildActionMask = 2147483647;
			files = (
				42BA87511B9DEB0300AC842E /* CGVector+ballpoint.swift in Sources */,
				42A5A0A31C145C890022F663 /* ScaffoldSegmentFactory.swift in Sources */,
				42A5A0A51C1461B30022F663 /* EndcapPopulationStage.swift in Sources */,
				42A112C31B8EB50A00503D9F /* Brush.swift in Sources */,
				42C013031BEEB18900E9D6CA /* ScaffoldSegment.swift in Sources */,
				42822CBD1BD438210028208A /* CGFloat+ballpoint.swift in Sources */,
				42A112931B8EB1D000503D9F /* AppDelegate.swift in Sources */,
				42A112CA1B8EB66300503D9F /* Constants.swift in Sources */,
				4244B9F51BD43F3400FE5BEB /* CGPoint+ballpoint.swift in Sources */,
				42A112BE1B8EB4E700503D9F /* PainterView.swift in Sources */,
				42C8498D1BB891450054F65A /* FountainBrush.swift in Sources */,
				429E71541C05362200BF90D4 /* SegmentPopulationStage.swift in Sources */,
				42E0FE8E1B99120300E2A0A1 /* DrawingController.swift in Sources */,
				42C9A17F1BDD3834005C867A /* Line.swift in Sources */,
				427304021BD5855A0087BEC4 /* RoughlyEquatable.swift in Sources */,
				42BA874B1B9DDA9000AC842E /* StrokeRendererView.swift in Sources */,
				4270F90E1BB0F98000940AAE /* StrokeRenderer.swift in Sources */,
				42A112B91B8EB4D800503D9F /* DrawingViewController.swift in Sources */,
				42C8498B1BB87A2F0054F65A /* Stroke.swift in Sources */,
				42A6DEB71B935C0A00CC09C2 /* UIColor+ballpoint.swift in Sources */,
				426539F71B93CD14001345CB /* DrawingModel.swift in Sources */,
				421273641C012EB70007FA48 /* PointPopulationStage.swift in Sources */,
				42C013081BEEB6D100E9D6CA /* RenderScaffold.swift in Sources */,
				42C013061BEEB2A500E9D6CA /* LinearScaffoldSegment.swift in Sources */,
				42952C241C334B72006EE4D6 /* CubicBezierScaffoldSegment.swift in Sources */,
				42A5A0A71C1463500022F663 /* PipelineBrush.swift in Sources */,
				42937B5B1C39A1D4006F63EA /* StrokePoint.swift in Sources */,
				4288226D1BDE45F400A0CDE8 /* operators.swift in Sources */,
				4233EA261BE5442E0017B76D /* PointUtil.swift in Sources */,
				42E750131B9FC922003180C9 /* RendererColorPalette.swift in Sources */,
				42C49A891BEE551A00B0AA0C /* ScaffoldPoint.swift in Sources */,
				42C9A1841BDD391D005C867A /* LineSegment.swift in Sources */,
				42A112C51B8EB50A00503D9F /* RenderedStroke.swift in Sources */,
				426539FD1B93D78E001345CB /* DrawingRenderer.swift in Sources */,
				427DBC501BB7268A00122848 /* UIView+ballpoint.swift in Sources */,
				428811991BEFE04C007B9844 /* RenderPipeline.swift in Sources */,
				4270F90C1BB0F95C00940AAE /* DrawingInteractionDelegate.swift in Sources */,
			);
			runOnlyForDeploymentPostprocessing = 0;
		};
		42A1129E1B8EB1D100503D9F /* Sources */ = {
			isa = PBXSourcesBuildPhase;
			buildActionMask = 2147483647;
			files = (
				42C9A1821BDD38B1005C867A /* LineTestCase.swift in Sources */,
				426992541BDD3CA900584CC8 /* LineSegmentTestCase.swift in Sources */,
				4233EA281BE546DF0017B76D /* PointUtilTestCase.swift in Sources */,
			);
			runOnlyForDeploymentPostprocessing = 0;
		};
/* End PBXSourcesBuildPhase section */

/* Begin PBXTargetDependency section */
		42A112A41B8EB1D100503D9F /* PBXTargetDependency */ = {
			isa = PBXTargetDependency;
			target = 42A1128C1B8EB1D000503D9F /* ballpoint */;
			targetProxy = 42A112A31B8EB1D100503D9F /* PBXContainerItemProxy */;
		};
/* End PBXTargetDependency section */

/* Begin PBXVariantGroup section */
		42A1129B1B8EB1D000503D9F /* LaunchScreen.xib */ = {
			isa = PBXVariantGroup;
			children = (
				42A1129C1B8EB1D000503D9F /* Base */,
			);
			name = LaunchScreen.xib;
			path = .;
			sourceTree = "<group>";
		};
/* End PBXVariantGroup section */

/* Begin XCBuildConfiguration section */
		42A112AA1B8EB1D100503D9F /* Debug */ = {
			isa = XCBuildConfiguration;
			buildSettings = {
				ALWAYS_SEARCH_USER_PATHS = NO;
				CLANG_CXX_LANGUAGE_STANDARD = "gnu++0x";
				CLANG_CXX_LIBRARY = "libc++";
				CLANG_ENABLE_MODULES = YES;
				CLANG_ENABLE_OBJC_ARC = YES;
				CLANG_WARN_BOOL_CONVERSION = YES;
				CLANG_WARN_CONSTANT_CONVERSION = YES;
				CLANG_WARN_DIRECT_OBJC_ISA_USAGE = YES_ERROR;
				CLANG_WARN_EMPTY_BODY = YES;
				CLANG_WARN_ENUM_CONVERSION = YES;
				CLANG_WARN_INT_CONVERSION = YES;
				CLANG_WARN_OBJC_ROOT_CLASS = YES_ERROR;
				CLANG_WARN_UNREACHABLE_CODE = YES;
				CLANG_WARN__DUPLICATE_METHOD_MATCH = YES;
				"CODE_SIGN_IDENTITY[sdk=iphoneos*]" = "iPhone Developer";
				COPY_PHASE_STRIP = NO;
				DEBUG_INFORMATION_FORMAT = "dwarf-with-dsym";
				ENABLE_STRICT_OBJC_MSGSEND = YES;
				ENABLE_TESTABILITY = YES;
				GCC_C_LANGUAGE_STANDARD = gnu99;
				GCC_DYNAMIC_NO_PIC = NO;
				GCC_NO_COMMON_BLOCKS = YES;
				GCC_OPTIMIZATION_LEVEL = 0;
				GCC_PREPROCESSOR_DEFINITIONS = (
					"DEBUG=1",
					"$(inherited)",
				);
				GCC_SYMBOLS_PRIVATE_EXTERN = NO;
				GCC_WARN_64_TO_32_BIT_CONVERSION = YES;
				GCC_WARN_ABOUT_RETURN_TYPE = YES_ERROR;
				GCC_WARN_UNDECLARED_SELECTOR = YES;
				GCC_WARN_UNINITIALIZED_AUTOS = YES_AGGRESSIVE;
				GCC_WARN_UNUSED_FUNCTION = YES;
				GCC_WARN_UNUSED_VARIABLE = YES;
				IPHONEOS_DEPLOYMENT_TARGET = 8.4;
				MTL_ENABLE_DEBUG_INFO = YES;
				ONLY_ACTIVE_ARCH = YES;
				SDKROOT = iphoneos;
				SWIFT_OPTIMIZATION_LEVEL = "-Onone";
				TARGETED_DEVICE_FAMILY = "1,2";
			};
			name = Debug;
		};
		42A112AB1B8EB1D100503D9F /* Release */ = {
			isa = XCBuildConfiguration;
			buildSettings = {
				ALWAYS_SEARCH_USER_PATHS = NO;
				CLANG_CXX_LANGUAGE_STANDARD = "gnu++0x";
				CLANG_CXX_LIBRARY = "libc++";
				CLANG_ENABLE_MODULES = YES;
				CLANG_ENABLE_OBJC_ARC = YES;
				CLANG_WARN_BOOL_CONVERSION = YES;
				CLANG_WARN_CONSTANT_CONVERSION = YES;
				CLANG_WARN_DIRECT_OBJC_ISA_USAGE = YES_ERROR;
				CLANG_WARN_EMPTY_BODY = YES;
				CLANG_WARN_ENUM_CONVERSION = YES;
				CLANG_WARN_INT_CONVERSION = YES;
				CLANG_WARN_OBJC_ROOT_CLASS = YES_ERROR;
				CLANG_WARN_UNREACHABLE_CODE = YES;
				CLANG_WARN__DUPLICATE_METHOD_MATCH = YES;
				"CODE_SIGN_IDENTITY[sdk=iphoneos*]" = "iPhone Developer";
				COPY_PHASE_STRIP = NO;
				DEBUG_INFORMATION_FORMAT = "dwarf-with-dsym";
				ENABLE_NS_ASSERTIONS = NO;
				ENABLE_STRICT_OBJC_MSGSEND = YES;
				GCC_C_LANGUAGE_STANDARD = gnu99;
				GCC_NO_COMMON_BLOCKS = YES;
				GCC_WARN_64_TO_32_BIT_CONVERSION = YES;
				GCC_WARN_ABOUT_RETURN_TYPE = YES_ERROR;
				GCC_WARN_UNDECLARED_SELECTOR = YES;
				GCC_WARN_UNINITIALIZED_AUTOS = YES_AGGRESSIVE;
				GCC_WARN_UNUSED_FUNCTION = YES;
				GCC_WARN_UNUSED_VARIABLE = YES;
				IPHONEOS_DEPLOYMENT_TARGET = 8.4;
				MTL_ENABLE_DEBUG_INFO = NO;
				SDKROOT = iphoneos;
				TARGETED_DEVICE_FAMILY = "1,2";
				VALIDATE_PRODUCT = YES;
			};
			name = Release;
		};
		42A112AD1B8EB1D100503D9F /* Debug */ = {
			isa = XCBuildConfiguration;
			buildSettings = {
				ASSETCATALOG_COMPILER_APPICON_NAME = AppIcon;
				CODE_SIGN_IDENTITY = "iPhone Developer";
				EMBEDDED_CONTENT_CONTAINS_SWIFT = YES;
				INFOPLIST_FILE = "ballpoint/Supporting Files/Info.plist";
				LD_RUNPATH_SEARCH_PATHS = "$(inherited) @executable_path/Frameworks";
				PRODUCT_BUNDLE_IDENTIFIER = "theck.$(PRODUCT_NAME:rfc1034identifier)";
				PRODUCT_NAME = "$(TARGET_NAME)";
			};
			name = Debug;
		};
		42A112AE1B8EB1D100503D9F /* Release */ = {
			isa = XCBuildConfiguration;
			buildSettings = {
				ASSETCATALOG_COMPILER_APPICON_NAME = AppIcon;
				CODE_SIGN_IDENTITY = "iPhone Developer";
				EMBEDDED_CONTENT_CONTAINS_SWIFT = YES;
				INFOPLIST_FILE = "ballpoint/Supporting Files/Info.plist";
				LD_RUNPATH_SEARCH_PATHS = "$(inherited) @executable_path/Frameworks";
				PRODUCT_BUNDLE_IDENTIFIER = "theck.$(PRODUCT_NAME:rfc1034identifier)";
				PRODUCT_NAME = "$(TARGET_NAME)";
			};
			name = Release;
		};
		42A112B01B8EB1D100503D9F /* Debug */ = {
			isa = XCBuildConfiguration;
			buildSettings = {
				BUNDLE_LOADER = "$(TEST_HOST)";
				CLANG_ENABLE_MODULES = YES;
				FRAMEWORK_SEARCH_PATHS = "";
				GCC_PREPROCESSOR_DEFINITIONS = (
					"DEBUG=1",
					"$(inherited)",
				);
				INFOPLIST_FILE = "ballpointTests/Supporting Files/Info.plist";
				LD_RUNPATH_SEARCH_PATHS = "$(inherited) @executable_path/Frameworks @loader_path/Frameworks";
				PRODUCT_BUNDLE_IDENTIFIER = "theck.$(PRODUCT_NAME:rfc1034identifier)";
				PRODUCT_NAME = "$(TARGET_NAME)";
				SWIFT_OPTIMIZATION_LEVEL = "-Onone";
				TEST_HOST = "$(BUILT_PRODUCTS_DIR)/ballpoint.app/ballpoint";
			};
			name = Debug;
		};
		42A112B11B8EB1D100503D9F /* Release */ = {
			isa = XCBuildConfiguration;
			buildSettings = {
				BUNDLE_LOADER = "$(TEST_HOST)";
				CLANG_ENABLE_MODULES = YES;
				FRAMEWORK_SEARCH_PATHS = "";
				INFOPLIST_FILE = "ballpointTests/Supporting Files/Info.plist";
				LD_RUNPATH_SEARCH_PATHS = "$(inherited) @executable_path/Frameworks @loader_path/Frameworks";
				PRODUCT_BUNDLE_IDENTIFIER = "theck.$(PRODUCT_NAME:rfc1034identifier)";
				PRODUCT_NAME = "$(TARGET_NAME)";
				TEST_HOST = "$(BUILT_PRODUCTS_DIR)/ballpoint.app/ballpoint";
			};
			name = Release;
		};
/* End XCBuildConfiguration section */

/* Begin XCConfigurationList section */
		42A112881B8EB1D000503D9F /* Build configuration list for PBXProject "ballpoint" */ = {
			isa = XCConfigurationList;
			buildConfigurations = (
				42A112AA1B8EB1D100503D9F /* Debug */,
				42A112AB1B8EB1D100503D9F /* Release */,
			);
			defaultConfigurationIsVisible = 0;
			defaultConfigurationName = Release;
		};
		42A112AC1B8EB1D100503D9F /* Build configuration list for PBXNativeTarget "ballpoint" */ = {
			isa = XCConfigurationList;
			buildConfigurations = (
				42A112AD1B8EB1D100503D9F /* Debug */,
				42A112AE1B8EB1D100503D9F /* Release */,
			);
			defaultConfigurationIsVisible = 0;
			defaultConfigurationName = Release;
		};
		42A112AF1B8EB1D100503D9F /* Build configuration list for PBXNativeTarget "ballpointTests" */ = {
			isa = XCConfigurationList;
			buildConfigurations = (
				42A112B01B8EB1D100503D9F /* Debug */,
				42A112B11B8EB1D100503D9F /* Release */,
			);
			defaultConfigurationIsVisible = 0;
			defaultConfigurationName = Release;
		};
/* End XCConfigurationList section */
	};
	rootObject = 42A112851B8EB1D000503D9F /* Project object */;
}
